// !$*UTF8*$!
{
	archiveVersion = 1;
	classes = {
	};
	objectVersion = 50;
	objects = {

/* Begin PBXBuildFile section */
		045F995B22559CB500A3D430 /* ViewController2.swift in Sources */ = {isa = PBXBuildFile; fileRef = 045F995A22559CB500A3D430 /* ViewController2.swift */; };
		04BC55062252FB7200FBDA2B /* AppDelegate.swift in Sources */ = {isa = PBXBuildFile; fileRef = 04BC55052252FB7200FBDA2B /* AppDelegate.swift */; };
		04BC55082252FB7200FBDA2B /* ViewController.swift in Sources */ = {isa = PBXBuildFile; fileRef = 04BC55072252FB7200FBDA2B /* ViewController.swift */; };
		04BC550B2252FB7200FBDA2B /* Main.storyboard in Resources */ = {isa = PBXBuildFile; fileRef = 04BC55092252FB7200FBDA2B /* Main.storyboard */; };
		04BC550E2252FB7200FBDA2B /* Test.xcdatamodeld in Sources */ = {isa = PBXBuildFile; fileRef = 04BC550C2252FB7200FBDA2B /* Test.xcdatamodeld */; };
		04BC55102252FB7600FBDA2B /* Assets.xcassets in Resources */ = {isa = PBXBuildFile; fileRef = 04BC550F2252FB7600FBDA2B /* Assets.xcassets */; };
		04BC55132252FB7600FBDA2B /* LaunchScreen.storyboard in Resources */ = {isa = PBXBuildFile; fileRef = 04BC55112252FB7600FBDA2B /* LaunchScreen.storyboard */; };
		04BC551E2252FB7700FBDA2B /* TestTests.swift in Sources */ = {isa = PBXBuildFile; fileRef = 04BC551D2252FB7700FBDA2B /* TestTests.swift */; };
		04BC55292252FB7700FBDA2B /* TestUITests.swift in Sources */ = {isa = PBXBuildFile; fileRef = 04BC55282252FB7700FBDA2B /* TestUITests.swift */; };
		64FE20E8CAAB2AC247719FDA /* Pods_Test.framework in Frameworks */ = {isa = PBXBuildFile; fileRef = 1B34F4BE1E145A730FC7BA5B /* Pods_Test.framework */; };
		923572743D9D1021728760F9 /* Pods_TestTests.framework in Frameworks */ = {isa = PBXBuildFile; fileRef = A69769E6B0AAAAF4D949A7F7 /* Pods_TestTests.framework */; };
		A79A5395386DDEDD5BE46E01 /* Pods_TestUITests.framework in Frameworks */ = {isa = PBXBuildFile; fileRef = D09AE75F702A05EC066B9039 /* Pods_TestUITests.framework */; };
/* End PBXBuildFile section */

/* Begin PBXContainerItemProxy section */
		04BC551A2252FB7700FBDA2B /* PBXContainerItemProxy */ = {
			isa = PBXContainerItemProxy;
			containerPortal = 04BC54FA2252FB7200FBDA2B /* Project object */;
			proxyType = 1;
			remoteGlobalIDString = 04BC55012252FB7200FBDA2B;
			remoteInfo = Test;
		};
		04BC55252252FB7700FBDA2B /* PBXContainerItemProxy */ = {
			isa = PBXContainerItemProxy;
			containerPortal = 04BC54FA2252FB7200FBDA2B /* Project object */;
			proxyType = 1;
			remoteGlobalIDString = 04BC55012252FB7200FBDA2B;
			remoteInfo = Test;
		};
/* End PBXContainerItemProxy section */

/* Begin PBXFileReference section */
		0449730B2261DEFC00325A87 /* MyPlayground.playground */ = {isa = PBXFileReference; lastKnownFileType = file.playground; path = MyPlayground.playground; sourceTree = "<group>"; xcLanguageSpecificationIdentifier = xcode.lang.swift; };
		045F995A22559CB500A3D430 /* ViewController2.swift */ = {isa = PBXFileReference; lastKnownFileType = sourcecode.swift; path = ViewController2.swift; sourceTree = "<group>"; };
		04BC55022252FB7200FBDA2B /* Test.app */ = {isa = PBXFileReference; explicitFileType = wrapper.application; includeInIndex = 0; path = Test.app; sourceTree = BUILT_PRODUCTS_DIR; };
		04BC55052252FB7200FBDA2B /* AppDelegate.swift */ = {isa = PBXFileReference; lastKnownFileType = sourcecode.swift; path = AppDelegate.swift; sourceTree = "<group>"; };
		04BC55072252FB7200FBDA2B /* ViewController.swift */ = {isa = PBXFileReference; lastKnownFileType = sourcecode.swift; path = ViewController.swift; sourceTree = "<group>"; };
		04BC550A2252FB7200FBDA2B /* Base */ = {isa = PBXFileReference; lastKnownFileType = file.storyboard; name = Base; path = Base.lproj/Main.storyboard; sourceTree = "<group>"; };
		04BC550D2252FB7200FBDA2B /* Test.xcdatamodel */ = {isa = PBXFileReference; lastKnownFileType = wrapper.xcdatamodel; path = Test.xcdatamodel; sourceTree = "<group>"; };
		04BC550F2252FB7600FBDA2B /* Assets.xcassets */ = {isa = PBXFileReference; lastKnownFileType = folder.assetcatalog; path = Assets.xcassets; sourceTree = "<group>"; };
		04BC55122252FB7600FBDA2B /* Base */ = {isa = PBXFileReference; lastKnownFileType = file.storyboard; name = Base; path = Base.lproj/LaunchScreen.storyboard; sourceTree = "<group>"; };
		04BC55142252FB7600FBDA2B /* Info.plist */ = {isa = PBXFileReference; lastKnownFileType = text.plist.xml; path = Info.plist; sourceTree = "<group>"; };
		04BC55192252FB7700FBDA2B /* TestTests.xctest */ = {isa = PBXFileReference; explicitFileType = wrapper.cfbundle; includeInIndex = 0; path = TestTests.xctest; sourceTree = BUILT_PRODUCTS_DIR; };
		04BC551D2252FB7700FBDA2B /* TestTests.swift */ = {isa = PBXFileReference; lastKnownFileType = sourcecode.swift; path = TestTests.swift; sourceTree = "<group>"; };
		04BC551F2252FB7700FBDA2B /* Info.plist */ = {isa = PBXFileReference; lastKnownFileType = text.plist.xml; path = Info.plist; sourceTree = "<group>"; };
		04BC55242252FB7700FBDA2B /* TestUITests.xctest */ = {isa = PBXFileReference; explicitFileType = wrapper.cfbundle; includeInIndex = 0; path = TestUITests.xctest; sourceTree = BUILT_PRODUCTS_DIR; };
		04BC55282252FB7700FBDA2B /* TestUITests.swift */ = {isa = PBXFileReference; lastKnownFileType = sourcecode.swift; path = TestUITests.swift; sourceTree = "<group>"; };
		04BC552A2252FB7700FBDA2B /* Info.plist */ = {isa = PBXFileReference; lastKnownFileType = text.plist.xml; path = Info.plist; sourceTree = "<group>"; };
		19B1F1F4666DD2D719DC0DA5 /* Pods-TestTests.release.xcconfig */ = {isa = PBXFileReference; includeInIndex = 1; lastKnownFileType = text.xcconfig; name = "Pods-TestTests.release.xcconfig"; path = "Target Support Files/Pods-TestTests/Pods-TestTests.release.xcconfig"; sourceTree = "<group>"; };
		1B34F4BE1E145A730FC7BA5B /* Pods_Test.framework */ = {isa = PBXFileReference; explicitFileType = wrapper.framework; includeInIndex = 0; path = Pods_Test.framework; sourceTree = BUILT_PRODUCTS_DIR; };
		2D70033B83E3F603412C38DE /* Pods-TestTests.debug.xcconfig */ = {isa = PBXFileReference; includeInIndex = 1; lastKnownFileType = text.xcconfig; name = "Pods-TestTests.debug.xcconfig"; path = "Target Support Files/Pods-TestTests/Pods-TestTests.debug.xcconfig"; sourceTree = "<group>"; };
		544A7853FD0E2A781DBD6357 /* Pods-TestUITests.debug.xcconfig */ = {isa = PBXFileReference; includeInIndex = 1; lastKnownFileType = text.xcconfig; name = "Pods-TestUITests.debug.xcconfig"; path = "Target Support Files/Pods-TestUITests/Pods-TestUITests.debug.xcconfig"; sourceTree = "<group>"; };
		6A4CABBE0AE6ACD6A5A754F8 /* Pods-Test.release.xcconfig */ = {isa = PBXFileReference; includeInIndex = 1; lastKnownFileType = text.xcconfig; name = "Pods-Test.release.xcconfig"; path = "Target Support Files/Pods-Test/Pods-Test.release.xcconfig"; sourceTree = "<group>"; };
		A69769E6B0AAAAF4D949A7F7 /* Pods_TestTests.framework */ = {isa = PBXFileReference; explicitFileType = wrapper.framework; includeInIndex = 0; path = Pods_TestTests.framework; sourceTree = BUILT_PRODUCTS_DIR; };
		BCAA1DDB485A7F2D31AD8160 /* Pods-Test.debug.xcconfig */ = {isa = PBXFileReference; includeInIndex = 1; lastKnownFileType = text.xcconfig; name = "Pods-Test.debug.xcconfig"; path = "Target Support Files/Pods-Test/Pods-Test.debug.xcconfig"; sourceTree = "<group>"; };
		C34B1CCF2B50CDFD972CAC10 /* Pods-TestUITests.release.xcconfig */ = {isa = PBXFileReference; includeInIndex = 1; lastKnownFileType = text.xcconfig; name = "Pods-TestUITests.release.xcconfig"; path = "Target Support Files/Pods-TestUITests/Pods-TestUITests.release.xcconfig"; sourceTree = "<group>"; };
		D09AE75F702A05EC066B9039 /* Pods_TestUITests.framework */ = {isa = PBXFileReference; explicitFileType = wrapper.framework; includeInIndex = 0; path = Pods_TestUITests.framework; sourceTree = BUILT_PRODUCTS_DIR; };
/* End PBXFileReference section */

/* Begin PBXFrameworksBuildPhase section */
		04BC54FF2252FB7200FBDA2B /* Frameworks */ = {
			isa = PBXFrameworksBuildPhase;
			buildActionMask = 2147483647;
			files = (
				64FE20E8CAAB2AC247719FDA /* Pods_Test.framework in Frameworks */,
			);
			runOnlyForDeploymentPostprocessing = 0;
		};
		04BC55162252FB7700FBDA2B /* Frameworks */ = {
			isa = PBXFrameworksBuildPhase;
			buildActionMask = 2147483647;
			files = (
				923572743D9D1021728760F9 /* Pods_TestTests.framework in Frameworks */,
			);
			runOnlyForDeploymentPostprocessing = 0;
		};
		04BC55212252FB7700FBDA2B /* Frameworks */ = {
			isa = PBXFrameworksBuildPhase;
			buildActionMask = 2147483647;
			files = (
				A79A5395386DDEDD5BE46E01 /* Pods_TestUITests.framework in Frameworks */,
			);
			runOnlyForDeploymentPostprocessing = 0;
		};
/* End PBXFrameworksBuildPhase section */

/* Begin PBXGroup section */
		04BC54F92252FB7200FBDA2B = {
			isa = PBXGroup;
			children = (
				04BC55042252FB7200FBDA2B /* Test */,
				04BC551C2252FB7700FBDA2B /* TestTests */,
				04BC55272252FB7700FBDA2B /* TestUITests */,
				04BC55032252FB7200FBDA2B /* Products */,
				3F9EF4C6A08EB442CD7C88F4 /* Pods */,
				13C92B9557EB691DDA8FF7FF /* Frameworks */,
			);
			sourceTree = "<group>";
		};
		04BC55032252FB7200FBDA2B /* Products */ = {
			isa = PBXGroup;
			children = (
				04BC55022252FB7200FBDA2B /* Test.app */,
				04BC55192252FB7700FBDA2B /* TestTests.xctest */,
				04BC55242252FB7700FBDA2B /* TestUITests.xctest */,
			);
			name = Products;
			sourceTree = "<group>";
		};
		04BC55042252FB7200FBDA2B /* Test */ = {
			isa = PBXGroup;
			children = (
				0449730B2261DEFC00325A87 /* MyPlayground.playground */,
				04BC55052252FB7200FBDA2B /* AppDelegate.swift */,
				04BC55072252FB7200FBDA2B /* ViewController.swift */,
				04BC55092252FB7200FBDA2B /* Main.storyboard */,
				045F995A22559CB500A3D430 /* ViewController2.swift */,
				04BC550F2252FB7600FBDA2B /* Assets.xcassets */,
				04BC55112252FB7600FBDA2B /* LaunchScreen.storyboard */,
				04BC55142252FB7600FBDA2B /* Info.plist */,
				04BC550C2252FB7200FBDA2B /* Test.xcdatamodeld */,
			);
			path = Test;
			sourceTree = "<group>";
		};
		04BC551C2252FB7700FBDA2B /* TestTests */ = {
			isa = PBXGroup;
			children = (
				04BC551D2252FB7700FBDA2B /* TestTests.swift */,
				04BC551F2252FB7700FBDA2B /* Info.plist */,
			);
			path = TestTests;
			sourceTree = "<group>";
		};
		04BC55272252FB7700FBDA2B /* TestUITests */ = {
			isa = PBXGroup;
			children = (
				04BC55282252FB7700FBDA2B /* TestUITests.swift */,
				04BC552A2252FB7700FBDA2B /* Info.plist */,
			);
			path = TestUITests;
			sourceTree = "<group>";
		};
		13C92B9557EB691DDA8FF7FF /* Frameworks */ = {
			isa = PBXGroup;
			children = (
				1B34F4BE1E145A730FC7BA5B /* Pods_Test.framework */,
				A69769E6B0AAAAF4D949A7F7 /* Pods_TestTests.framework */,
				D09AE75F702A05EC066B9039 /* Pods_TestUITests.framework */,
			);
			name = Frameworks;
			sourceTree = "<group>";
		};
		3F9EF4C6A08EB442CD7C88F4 /* Pods */ = {
			isa = PBXGroup;
			children = (
				BCAA1DDB485A7F2D31AD8160 /* Pods-Test.debug.xcconfig */,
				6A4CABBE0AE6ACD6A5A754F8 /* Pods-Test.release.xcconfig */,
				2D70033B83E3F603412C38DE /* Pods-TestTests.debug.xcconfig */,
				19B1F1F4666DD2D719DC0DA5 /* Pods-TestTests.release.xcconfig */,
				544A7853FD0E2A781DBD6357 /* Pods-TestUITests.debug.xcconfig */,
				C34B1CCF2B50CDFD972CAC10 /* Pods-TestUITests.release.xcconfig */,
			);
			path = Pods;
			sourceTree = "<group>";
		};
/* End PBXGroup section */

/* Begin PBXNativeTarget section */
		04BC55012252FB7200FBDA2B /* Test */ = {
			isa = PBXNativeTarget;
			buildConfigurationList = 04BC552D2252FB7700FBDA2B /* Build configuration list for PBXNativeTarget "Test" */;
			buildPhases = (
				DD531807E2B12FF297A14137 /* [CP] Check Pods Manifest.lock */,
				04BC54FE2252FB7200FBDA2B /* Sources */,
				04BC54FF2252FB7200FBDA2B /* Frameworks */,
				04BC55002252FB7200FBDA2B /* Resources */,
				397A49F1B4CCA0B419F25A82 /* [CP] Embed Pods Frameworks */,
			);
			buildRules = (
			);
			dependencies = (
			);
			name = Test;
			productName = Test;
			productReference = 04BC55022252FB7200FBDA2B /* Test.app */;
			productType = "com.apple.product-type.application";
		};
		04BC55182252FB7700FBDA2B /* TestTests */ = {
			isa = PBXNativeTarget;
			buildConfigurationList = 04BC55302252FB7700FBDA2B /* Build configuration list for PBXNativeTarget "TestTests" */;
			buildPhases = (
				01E9DD6B46D036FE8945F3DA /* [CP] Check Pods Manifest.lock */,
				04BC55152252FB7700FBDA2B /* Sources */,
				04BC55162252FB7700FBDA2B /* Frameworks */,
				04BC55172252FB7700FBDA2B /* Resources */,
			);
			buildRules = (
			);
			dependencies = (
				04BC551B2252FB7700FBDA2B /* PBXTargetDependency */,
			);
			name = TestTests;
			productName = TestTests;
			productReference = 04BC55192252FB7700FBDA2B /* TestTests.xctest */;
			productType = "com.apple.product-type.bundle.unit-test";
		};
		04BC55232252FB7700FBDA2B /* TestUITests */ = {
			isa = PBXNativeTarget;
			buildConfigurationList = 04BC55332252FB7700FBDA2B /* Build configuration list for PBXNativeTarget "TestUITests" */;
			buildPhases = (
				ABFF61821B4F0BE27E5321F5 /* [CP] Check Pods Manifest.lock */,
				04BC55202252FB7700FBDA2B /* Sources */,
				04BC55212252FB7700FBDA2B /* Frameworks */,
				04BC55222252FB7700FBDA2B /* Resources */,
			);
			buildRules = (
			);
			dependencies = (
				04BC55262252FB7700FBDA2B /* PBXTargetDependency */,
			);
			name = TestUITests;
			productName = TestUITests;
			productReference = 04BC55242252FB7700FBDA2B /* TestUITests.xctest */;
			productType = "com.apple.product-type.bundle.ui-testing";
		};
/* End PBXNativeTarget section */

/* Begin PBXProject section */
		04BC54FA2252FB7200FBDA2B /* Project object */ = {
			isa = PBXProject;
			attributes = {
				LastSwiftUpdateCheck = 1010;
				LastUpgradeCheck = 1010;
				ORGANIZATIONNAME = mac;
				TargetAttributes = {
					04BC55012252FB7200FBDA2B = {
						CreatedOnToolsVersion = 10.1;
					};
					04BC55182252FB7700FBDA2B = {
						CreatedOnToolsVersion = 10.1;
						TestTargetID = 04BC55012252FB7200FBDA2B;
					};
					04BC55232252FB7700FBDA2B = {
						CreatedOnToolsVersion = 10.1;
						TestTargetID = 04BC55012252FB7200FBDA2B;
					};
				};
			};
			buildConfigurationList = 04BC54FD2252FB7200FBDA2B /* Build configuration list for PBXProject "Test" */;
			compatibilityVersion = "Xcode 9.3";
			developmentRegion = en;
			hasScannedForEncodings = 0;
			knownRegions = (
				en,
				Base,
			);
			mainGroup = 04BC54F92252FB7200FBDA2B;
			productRefGroup = 04BC55032252FB7200FBDA2B /* Products */;
			projectDirPath = "";
			projectRoot = "";
			targets = (
				04BC55012252FB7200FBDA2B /* Test */,
				04BC55182252FB7700FBDA2B /* TestTests */,
				04BC55232252FB7700FBDA2B /* TestUITests */,
			);
		};
/* End PBXProject section */

/* Begin PBXResourcesBuildPhase section */
		04BC55002252FB7200FBDA2B /* Resources */ = {
			isa = PBXResourcesBuildPhase;
			buildActionMask = 2147483647;
			files = (
				04BC55132252FB7600FBDA2B /* LaunchScreen.storyboard in Resources */,
				04BC55102252FB7600FBDA2B /* Assets.xcassets in Resources */,
				04BC550B2252FB7200FBDA2B /* Main.storyboard in Resources */,
			);
			runOnlyForDeploymentPostprocessing = 0;
		};
		04BC55172252FB7700FBDA2B /* Resources */ = {
			isa = PBXResourcesBuildPhase;
			buildActionMask = 2147483647;
			files = (
			);
			runOnlyForDeploymentPostprocessing = 0;
		};
		04BC55222252FB7700FBDA2B /* Resources */ = {
			isa = PBXResourcesBuildPhase;
			buildActionMask = 2147483647;
			files = (
			);
			runOnlyForDeploymentPostprocessing = 0;
		};
/* End PBXResourcesBuildPhase section */

/* Begin PBXShellScriptBuildPhase section */
		01E9DD6B46D036FE8945F3DA /* [CP] Check Pods Manifest.lock */ = {
			isa = PBXShellScriptBuildPhase;
			buildActionMask = 2147483647;
			files = (
			);
			inputFileListPaths = (
			);
			inputPaths = (
				"${PODS_PODFILE_DIR_PATH}/Podfile.lock",
				"${PODS_ROOT}/Manifest.lock",
			);
			name = "[CP] Check Pods Manifest.lock";
			outputFileListPaths = (
			);
			outputPaths = (
				"$(DERIVED_FILE_DIR)/Pods-TestTests-checkManifestLockResult.txt",
			);
			runOnlyForDeploymentPostprocessing = 0;
			shellPath = /bin/sh;
			shellScript = "diff \"${PODS_PODFILE_DIR_PATH}/Podfile.lock\" \"${PODS_ROOT}/Manifest.lock\" > /dev/null\nif [ $? != 0 ] ; then\n    # print error to STDERR\n    echo \"error: The sandbox is not in sync with the Podfile.lock. Run 'pod install' or update your CocoaPods installation.\" >&2\n    exit 1\nfi\n# This output is used by Xcode 'outputs' to avoid re-running this script phase.\necho \"SUCCESS\" > \"${SCRIPT_OUTPUT_FILE_0}\"\n";
			showEnvVarsInLog = 0;
		};
		397A49F1B4CCA0B419F25A82 /* [CP] Embed Pods Frameworks */ = {
			isa = PBXShellScriptBuildPhase;
			buildActionMask = 2147483647;
			files = (
			);
			inputFileListPaths = (
			);
			inputPaths = (
				"${PODS_ROOT}/Target Support Files/Pods-Test/Pods-Test-frameworks.sh",
				"${BUILT_PRODUCTS_DIR}/Alamofire/Alamofire.framework",
				"${BUILT_PRODUCTS_DIR}/ChameleonFramework/ChameleonFramework.framework",
				"${BUILT_PRODUCTS_DIR}/PySwiftyRegex/PySwiftyRegex.framework",
				"${BUILT_PRODUCTS_DIR}/SwiftyJSON/SwiftyJSON.framework",
			);
			name = "[CP] Embed Pods Frameworks";
			outputFileListPaths = (
			);
			outputPaths = (
				"${TARGET_BUILD_DIR}/${FRAMEWORKS_FOLDER_PATH}/Alamofire.framework",
				"${TARGET_BUILD_DIR}/${FRAMEWORKS_FOLDER_PATH}/ChameleonFramework.framework",
				"${TARGET_BUILD_DIR}/${FRAMEWORKS_FOLDER_PATH}/PySwiftyRegex.framework",
				"${TARGET_BUILD_DIR}/${FRAMEWORKS_FOLDER_PATH}/SwiftyJSON.framework",
			);
			runOnlyForDeploymentPostprocessing = 0;
			shellPath = /bin/sh;
			shellScript = "\"${PODS_ROOT}/Target Support Files/Pods-Test/Pods-Test-frameworks.sh\"\n";
			showEnvVarsInLog = 0;
		};
		ABFF61821B4F0BE27E5321F5 /* [CP] Check Pods Manifest.lock */ = {
			isa = PBXShellScriptBuildPhase;
			buildActionMask = 2147483647;
			files = (
			);
			inputFileListPaths = (
			);
			inputPaths = (
				"${PODS_PODFILE_DIR_PATH}/Podfile.lock",
				"${PODS_ROOT}/Manifest.lock",
			);
			name = "[CP] Check Pods Manifest.lock";
			outputFileListPaths = (
			);
			outputPaths = (
				"$(DERIVED_FILE_DIR)/Pods-TestUITests-checkManifestLockResult.txt",
			);
			runOnlyForDeploymentPostprocessing = 0;
			shellPath = /bin/sh;
			shellScript = "diff \"${PODS_PODFILE_DIR_PATH}/Podfile.lock\" \"${PODS_ROOT}/Manifest.lock\" > /dev/null\nif [ $? != 0 ] ; then\n    # print error to STDERR\n    echo \"error: The sandbox is not in sync with the Podfile.lock. Run 'pod install' or update your CocoaPods installation.\" >&2\n    exit 1\nfi\n# This output is used by Xcode 'outputs' to avoid re-running this script phase.\necho \"SUCCESS\" > \"${SCRIPT_OUTPUT_FILE_0}\"\n";
			showEnvVarsInLog = 0;
		};
		DD531807E2B12FF297A14137 /* [CP] Check Pods Manifest.lock */ = {
			isa = PBXShellScriptBuildPhase;
			buildActionMask = 2147483647;
			files = (
			);
			inputFileListPaths = (
			);
			inputPaths = (
				"${PODS_PODFILE_DIR_PATH}/Podfile.lock",
				"${PODS_ROOT}/Manifest.lock",
			);
			name = "[CP] Check Pods Manifest.lock";
			outputFileListPaths = (
			);
			outputPaths = (
				"$(DERIVED_FILE_DIR)/Pods-Test-checkManifestLockResult.txt",
			);
			runOnlyForDeploymentPostprocessing = 0;
			shellPath = /bin/sh;
			shellScript = "diff \"${PODS_PODFILE_DIR_PATH}/Podfile.lock\" \"${PODS_ROOT}/Manifest.lock\" > /dev/null\nif [ $? != 0 ] ; then\n    # print error to STDERR\n    echo \"error: The sandbox is not in sync with the Podfile.lock. Run 'pod install' or update your CocoaPods installation.\" >&2\n    exit 1\nfi\n# This output is used by Xcode 'outputs' to avoid re-running this script phase.\necho \"SUCCESS\" > \"${SCRIPT_OUTPUT_FILE_0}\"\n";
			showEnvVarsInLog = 0;
		};
/* End PBXShellScriptBuildPhase section */

/* Begin PBXSourcesBuildPhase section */
		04BC54FE2252FB7200FBDA2B /* Sources */ = {
			isa = PBXSourcesBuildPhase;
			buildActionMask = 2147483647;
			files = (
				04BC55082252FB7200FBDA2B /* ViewController.swift in Sources */,
				045F995B22559CB500A3D430 /* ViewController2.swift in Sources */,
				04BC55062252FB7200FBDA2B /* AppDelegate.swift in Sources */,
				04BC550E2252FB7200FBDA2B /* Test.xcdatamodeld in Sources */,
			);
			runOnlyForDeploymentPostprocessing = 0;
		};
		04BC55152252FB7700FBDA2B /* Sources */ = {
			isa = PBXSourcesBuildPhase;
			buildActionMask = 2147483647;
			files = (
				04BC551E2252FB7700FBDA2B /* TestTests.swift in Sources */,
			);
			runOnlyForDeploymentPostprocessing = 0;
		};
		04BC55202252FB7700FBDA2B /* Sources */ = {
			isa = PBXSourcesBuildPhase;
			buildActionMask = 2147483647;
			files = (
				04BC55292252FB7700FBDA2B /* TestUITests.swift in Sources */,
			);
			runOnlyForDeploymentPostprocessing = 0;
		};
/* End PBXSourcesBuildPhase section */

/* Begin PBXTargetDependency section */
		04BC551B2252FB7700FBDA2B /* PBXTargetDependency */ = {
			isa = PBXTargetDependency;
			target = 04BC55012252FB7200FBDA2B /* Test */;
			targetProxy = 04BC551A2252FB7700FBDA2B /* PBXContainerItemProxy */;
		};
		04BC55262252FB7700FBDA2B /* PBXTargetDependency */ = {
			isa = PBXTargetDependency;
			target = 04BC55012252FB7200FBDA2B /* Test */;
			targetProxy = 04BC55252252FB7700FBDA2B /* PBXContainerItemProxy */;
		};
/* End PBXTargetDependency section */

/* Begin PBXVariantGroup section */
		04BC55092252FB7200FBDA2B /* Main.storyboard */ = {
			isa = PBXVariantGroup;
			children = (
				04BC550A2252FB7200FBDA2B /* Base */,
			);
			name = Main.storyboard;
			sourceTree = "<group>";
		};
		04BC55112252FB7600FBDA2B /* LaunchScreen.storyboard */ = {
			isa = PBXVariantGroup;
			children = (
				04BC55122252FB7600FBDA2B /* Base */,
			);
			name = LaunchScreen.storyboard;
			sourceTree = "<group>";
		};
/* End PBXVariantGroup section */

/* Begin XCBuildConfiguration section */
		04BC552B2252FB7700FBDA2B /* Debug */ = {
			isa = XCBuildConfiguration;
			buildSettings = {
				ALWAYS_SEARCH_USER_PATHS = NO;
				CLANG_ANALYZER_NONNULL = YES;
				CLANG_ANALYZER_NUMBER_OBJECT_CONVERSION = YES_AGGRESSIVE;
				CLANG_CXX_LANGUAGE_STANDARD = "gnu++14";
				CLANG_CXX_LIBRARY = "libc++";
				CLANG_ENABLE_MODULES = YES;
				CLANG_ENABLE_OBJC_ARC = YES;
				CLANG_ENABLE_OBJC_WEAK = YES;
				CLANG_WARN_BLOCK_CAPTURE_AUTORELEASING = YES;
				CLANG_WARN_BOOL_CONVERSION = YES;
				CLANG_WARN_COMMA = YES;
				CLANG_WARN_CONSTANT_CONVERSION = YES;
				CLANG_WARN_DEPRECATED_OBJC_IMPLEMENTATIONS = YES;
				CLANG_WARN_DIRECT_OBJC_ISA_USAGE = YES_ERROR;
				CLANG_WARN_DOCUMENTATION_COMMENTS = YES;
				CLANG_WARN_EMPTY_BODY = YES;
				CLANG_WARN_ENUM_CONVERSION = YES;
				CLANG_WARN_INFINITE_RECURSION = YES;
				CLANG_WARN_INT_CONVERSION = YES;
				CLANG_WARN_NON_LITERAL_NULL_CONVERSION = YES;
				CLANG_WARN_OBJC_IMPLICIT_RETAIN_SELF = YES;
				CLANG_WARN_OBJC_LITERAL_CONVERSION = YES;
				CLANG_WARN_OBJC_ROOT_CLASS = YES_ERROR;
				CLANG_WARN_RANGE_LOOP_ANALYSIS = YES;
				CLANG_WARN_STRICT_PROTOTYPES = YES;
				CLANG_WARN_SUSPICIOUS_MOVE = YES;
				CLANG_WARN_UNGUARDED_AVAILABILITY = YES_AGGRESSIVE;
				CLANG_WARN_UNREACHABLE_CODE = YES;
				CLANG_WARN__DUPLICATE_METHOD_MATCH = YES;
				CODE_SIGN_IDENTITY = "iPhone Developer";
				COPY_PHASE_STRIP = NO;
				DEBUG_INFORMATION_FORMAT = dwarf;
				ENABLE_STRICT_OBJC_MSGSEND = YES;
				ENABLE_TESTABILITY = YES;
				GCC_C_LANGUAGE_STANDARD = gnu11;
				GCC_DYNAMIC_NO_PIC = NO;
				GCC_NO_COMMON_BLOCKS = YES;
				GCC_OPTIMIZATION_LEVEL = 0;
				GCC_PREPROCESSOR_DEFINITIONS = (
					"DEBUG=1",
					"$(inherited)",
				);
				GCC_WARN_64_TO_32_BIT_CONVERSION = YES;
				GCC_WARN_ABOUT_RETURN_TYPE = YES_ERROR;
				GCC_WARN_UNDECLARED_SELECTOR = YES;
				GCC_WARN_UNINITIALIZED_AUTOS = YES_AGGRESSIVE;
				GCC_WARN_UNUSED_FUNCTION = YES;
				GCC_WARN_UNUSED_VARIABLE = YES;
				IPHONEOS_DEPLOYMENT_TARGET = 12.1;
				MTL_ENABLE_DEBUG_INFO = INCLUDE_SOURCE;
				MTL_FAST_MATH = YES;
				ONLY_ACTIVE_ARCH = YES;
				SDKROOT = iphoneos;
				SWIFT_ACTIVE_COMPILATION_CONDITIONS = DEBUG;
				SWIFT_OPTIMIZATION_LEVEL = "-Onone";
			};
			name = Debug;
		};
		04BC552C2252FB7700FBDA2B /* Release */ = {
			isa = XCBuildConfiguration;
			buildSettings = {
				ALWAYS_SEARCH_USER_PATHS = NO;
				CLANG_ANALYZER_NONNULL = YES;
				CLANG_ANALYZER_NUMBER_OBJECT_CONVERSION = YES_AGGRESSIVE;
				CLANG_CXX_LANGUAGE_STANDARD = "gnu++14";
				CLANG_CXX_LIBRARY = "libc++";
				CLANG_ENABLE_MODULES = YES;
				CLANG_ENABLE_OBJC_ARC = YES;
				CLANG_ENABLE_OBJC_WEAK = YES;
				CLANG_WARN_BLOCK_CAPTURE_AUTORELEASING = YES;
				CLANG_WARN_BOOL_CONVERSION = YES;
				CLANG_WARN_COMMA = YES;
				CLANG_WARN_CONSTANT_CONVERSION = YES;
				CLANG_WARN_DEPRECATED_OBJC_IMPLEMENTATIONS = YES;
				CLANG_WARN_DIRECT_OBJC_ISA_USAGE = YES_ERROR;
				CLANG_WARN_DOCUMENTATION_COMMENTS = YES;
				CLANG_WARN_EMPTY_BODY = YES;
				CLANG_WARN_ENUM_CONVERSION = YES;
				CLANG_WARN_INFINITE_RECURSION = YES;
				CLANG_WARN_INT_CONVERSION = YES;
				CLANG_WARN_NON_LITERAL_NULL_CONVERSION = YES;
				CLANG_WARN_OBJC_IMPLICIT_RETAIN_SELF = YES;
				CLANG_WARN_OBJC_LITERAL_CONVERSION = YES;
				CLANG_WARN_OBJC_ROOT_CLASS = YES_ERROR;
				CLANG_WARN_RANGE_LOOP_ANALYSIS = YES;
				CLANG_WARN_STRICT_PROTOTYPES = YES;
				CLANG_WARN_SUSPICIOUS_MOVE = YES;
				CLANG_WARN_UNGUARDED_AVAILABILITY = YES_AGGRESSIVE;
				CLANG_WARN_UNREACHABLE_CODE = YES;
				CLANG_WARN__DUPLICATE_METHOD_MATCH = YES;
				CODE_SIGN_IDENTITY = "iPhone Developer";
				COPY_PHASE_STRIP = NO;
				DEBUG_INFORMATION_FORMAT = "dwarf-with-dsym";
				ENABLE_NS_ASSERTIONS = NO;
				ENABLE_STRICT_OBJC_MSGSEND = YES;
				GCC_C_LANGUAGE_STANDARD = gnu11;
				GCC_NO_COMMON_BLOCKS = YES;
				GCC_WARN_64_TO_32_BIT_CONVERSION = YES;
				GCC_WARN_ABOUT_RETURN_TYPE = YES_ERROR;
				GCC_WARN_UNDECLARED_SELECTOR = YES;
				GCC_WARN_UNINITIALIZED_AUTOS = YES_AGGRESSIVE;
				GCC_WARN_UNUSED_FUNCTION = YES;
				GCC_WARN_UNUSED_VARIABLE = YES;
				IPHONEOS_DEPLOYMENT_TARGET = 12.1;
				MTL_ENABLE_DEBUG_INFO = NO;
				MTL_FAST_MATH = YES;
				SDKROOT = iphoneos;
				SWIFT_COMPILATION_MODE = wholemodule;
				SWIFT_OPTIMIZATION_LEVEL = "-O";
				VALIDATE_PRODUCT = YES;
			};
			name = Release;
		};
		04BC552E2252FB7700FBDA2B /* Debug */ = {
			isa = XCBuildConfiguration;
			baseConfigurationReference = BCAA1DDB485A7F2D31AD8160 /* Pods-Test.debug.xcconfig */;
			buildSettings = {
				ASSETCATALOG_COMPILER_APPICON_NAME = AppIcon;
				CODE_SIGN_STYLE = Automatic;
				DEVELOPMENT_TEAM = J9W6V7ARMT;
				INFOPLIST_FILE = Test/Info.plist;
				LD_RUNPATH_SEARCH_PATHS = (
					"$(inherited)",
					"@executable_path/Frameworks",
				);
				PRODUCT_BUNDLE_IDENTIFIER = com.kinson.mac.Test;
				PRODUCT_NAME = "$(TARGET_NAME)";
				SWIFT_VERSION = 4.2;
				TARGETED_DEVICE_FAMILY = "1,2";
			};
			name = Debug;
		};
		04BC552F2252FB7700FBDA2B /* Release */ = {
			isa = XCBuildConfiguration;
			baseConfigurationReference = 6A4CABBE0AE6ACD6A5A754F8 /* Pods-Test.release.xcconfig */;
			buildSettings = {
				ASSETCATALOG_COMPILER_APPICON_NAME = AppIcon;
				CODE_SIGN_STYLE = Automatic;
				DEVELOPMENT_TEAM = J9W6V7ARMT;
				INFOPLIST_FILE = Test/Info.plist;
				LD_RUNPATH_SEARCH_PATHS = (
					"$(inherited)",
					"@executable_path/Frameworks",
				);
				PRODUCT_BUNDLE_IDENTIFIER = com.kinson.mac.Test;
				PRODUCT_NAME = "$(TARGET_NAME)";
				SWIFT_VERSION = 4.2;
				TARGETED_DEVICE_FAMILY = "1,2";
			};
			name = Release;
		};
		04BC55312252FB7700FBDA2B /* Debug */ = {
			isa = XCBuildConfiguration;
			baseConfigurationReference = 2D70033B83E3F603412C38DE /* Pods-TestTests.debug.xcconfig */;
			buildSettings = {
				ALWAYS_EMBED_SWIFT_STANDARD_LIBRARIES = YES;
				BUNDLE_LOADER = "$(TEST_HOST)";
				CODE_SIGN_STYLE = Automatic;
				DEVELOPMENT_TEAM = J9W6V7ARMT;
				INFOPLIST_FILE = TestTests/Info.plist;
				LD_RUNPATH_SEARCH_PATHS = (
					"$(inherited)",
					"@executable_path/Frameworks",
					"@loader_path/Frameworks",
				);
				PRODUCT_BUNDLE_IDENTIFIER = com.kinson.mac.TestTests;
				PRODUCT_NAME = "$(TARGET_NAME)";
				SWIFT_VERSION = 4.2;
				TARGETED_DEVICE_FAMILY = "1,2";
				TEST_HOST = "$(BUILT_PRODUCTS_DIR)/Test.app/Test";
			};
			name = Debug;
		};
		04BC55322252FB7700FBDA2B /* Release */ = {
			isa = XCBuildConfiguration;
			baseConfigurationReference = 19B1F1F4666DD2D719DC0DA5 /* Pods-TestTests.release.xcconfig */;
			buildSettings = {
				ALWAYS_EMBED_SWIFT_STANDARD_LIBRARIES = YES;
				BUNDLE_LOADER = "$(TEST_HOST)";
				CODE_SIGN_STYLE = Automatic;
				DEVELOPMENT_TEAM = J9W6V7ARMT;
				INFOPLIST_FILE = TestTests/Info.plist;
				LD_RUNPATH_SEARCH_PATHS = (
					"$(inherited)",
					"@executable_path/Frameworks",
					"@loader_path/Frameworks",
				);
				PRODUCT_BUNDLE_IDENTIFIER = com.kinson.mac.TestTests;
				PRODUCT_NAME = "$(TARGET_NAME)";
				SWIFT_VERSION = 4.2;
				TARGETED_DEVICE_FAMILY = "1,2";
				TEST_HOST = "$(BUILT_PRODUCTS_DIR)/Test.app/Test";
			};
			name = Release;
		};
		04BC55342252FB7700FBDA2B /* Debug */ = {
			isa = XCBuildConfiguration;
			baseConfigurationReference = 544A7853FD0E2A781DBD6357 /* Pods-TestUITests.debug.xcconfig */;
			buildSettings = {
				ALWAYS_EMBED_SWIFT_STANDARD_LIBRARIES = YES;
				CODE_SIGN_STYLE = Automatic;
				DEVELOPMENT_TEAM = J9W6V7ARMT;
				INFOPLIST_FILE = TestUITests/Info.plist;
				LD_RUNPATH_SEARCH_PATHS = (
					"$(inherited)",
					"@executable_path/Frameworks",
					"@loader_path/Frameworks",
				);
				PRODUCT_BUNDLE_IDENTIFIER = com.kinson.mac.TestUITests;
				PRODUCT_NAME = "$(TARGET_NAME)";
				SWIFT_VERSION = 4.2;
				TARGETED_DEVICE_FAMILY = "1,2";
				TEST_TARGET_NAME = Test;
			};
			name = Debug;
		};
		04BC55352252FB7700FBDA2B /* Release */ = {
			isa = XCBuildConfiguration;
			baseConfigurationReference = C34B1CCF2B50CDFD972CAC10 /* Pods-TestUITests.release.xcconfig */;
			buildSettings = {
				ALWAYS_EMBED_SWIFT_STANDARD_LIBRARIES = YES;
				CODE_SIGN_STYLE = Automatic;
				DEVELOPMENT_TEAM = J9W6V7ARMT;
				INFOPLIST_FILE = TestUITests/Info.plist;
				LD_RUNPATH_SEARCH_PATHS = (
					"$(inherited)",
					"@executable_path/Frameworks",
					"@loader_path/Frameworks",
				);
				PRODUCT_BUNDLE_IDENTIFIER = com.kinson.mac.TestUITests;
				PRODUCT_NAME = "$(TARGET_NAME)";
				SWIFT_VERSION = 4.2;
				TARGETED_DEVICE_FAMILY = "1,2";
				TEST_TARGET_NAME = Test;
			};
			name = Release;
		};
/* End XCBuildConfiguration section */

/* Begin XCConfigurationList section */
		04BC54FD2252FB7200FBDA2B /* Build configuration list for PBXProject "Test" */ = {
			isa = XCConfigurationList;
			buildConfigurations = (
				04BC552B2252FB7700FBDA2B /* Debug */,
				04BC552C2252FB7700FBDA2B /* Release */,
			);
			defaultConfigurationIsVisible = 0;
			defaultConfigurationName = Release;
		};
		04BC552D2252FB7700FBDA2B /* Build configuration list for PBXNativeTarget "Test" */ = {
			isa = XCConfigurationList;
			buildConfigurations = (
				04BC552E2252FB7700FBDA2B /* Debug */,
				04BC552F2252FB7700FBDA2B /* Release */,
			);
			defaultConfigurationIsVisible = 0;
			defaultConfigurationName = Release;
		};
		04BC55302252FB7700FBDA2B /* Build configuration list for PBXNativeTarget "TestTests" */ = {
			isa = XCConfigurationList;
			buildConfigurations = (
				04BC55312252FB7700FBDA2B /* Debug */,
				04BC55322252FB7700FBDA2B /* Release */,
			);
			defaultConfigurationIsVisible = 0;
			defaultConfigurationName = Release;
		};
		04BC55332252FB7700FBDA2B /* Build configuration list for PBXNativeTarget "TestUITests" */ = {
			isa = XCConfigurationList;
			buildConfigurations = (
				04BC55342252FB7700FBDA2B /* Debug */,
				04BC55352252FB7700FBDA2B /* Release */,
			);
			defaultConfigurationIsVisible = 0;
			defaultConfigurationName = Release;
		};
/* End XCConfigurationList section */

/* Begin XCVersionGroup section */
		04BC550C2252FB7200FBDA2B /* Test.xcdatamodeld */ = {
			isa = XCVersionGroup;
			children = (
				04BC550D2252FB7200FBDA2B /* Test.xcdatamodel */,
			);
			currentVersion = 04BC550D2252FB7200FBDA2B /* Test.xcdatamodel */;
			path = Test.xcdatamodeld;
			sourceTree = "<group>";
			versionGroupType = wrapper.xcdatamodel;
		};
/* End XCVersionGroup section */
	};
	rootObject = 04BC54FA2252FB7200FBDA2B /* Project object */;
}
